
Microsoft Visual Studio Solution File, Format Version 12.00
# Visual Studio 15
VisualStudioVersion = 15.0.28307.1622
MinimumVisualStudioVersion = 10.0.40219.1
Project("{8BC9CEB8-8B4A-11D0-8D11-00A0C91BC942}") = "C_CODE_02.13", "C_CODE_02.13\C_CODE_02.13.vcxproj", "{60F7991D-1F82-4DCF-A92E-06DEF1A1EA58}"
EndProject
Global
	GlobalSection(SolutionConfigurationPlatforms) = preSolution
		Debug|x64 = Debug|x64
		Debug|x86 = Debug|x86
		Release|x64 = Release|x64
		Release|x86 = Release|x86
	EndGlobalSection
	GlobalSection(ProjectConfigurationPlatforms) = postSolution
		{60F7991D-1F82-4DCF-A92E-06DEF1A1EA58}.Debug|x64.ActiveCfg = Debug|x64
		{60F7991D-1F82-4DCF-A92E-06DEF1A1EA58}.Debug|x64.Build.0 = Debug|x64
		{60F7991D-1F82-4DCF-A92E-06DEF1A1EA58}.Debug|x86.ActiveCfg = Debug|Win32
		{60F7991D-1F82-4DCF-A92E-06DEF1A1EA58}.Debug|x86.Build.0 = Debug|Win32
		{60F7991D-1F82-4DCF-A92E-06DEF1A1EA58}.Release|x64.ActiveCfg = Release|x64
		{60F7991D-1F82-4DCF-A92E-06DEF1A1EA58}.Release|x64.Build.0 = Release|x64
		{60F7991D-1F82-4DCF-A92E-06DEF1A1EA58}.Release|x86.ActiveCfg = Release|Win32
		{60F7991D-1F82-4DCF-A92E-06DEF1A1EA58}.Release|x86.Build.0 = Release|Win32
	EndGlobalSection
	GlobalSection(SolutionProperties) = preSolution
		HideSolutionNode = FALSE
	EndGlobalSection
	GlobalSection(ExtensibilityGlobals) = postSolution
		SolutionGuid = {88207816-E94B-4F96-928B-02E0E86C97F5}
	EndGlobalSection
EndGlobal
