
Microsoft Visual Studio Solution File, Format Version 12.00
# Visual Studio 15
VisualStudioVersion = 15.0.28307.1622
MinimumVisualStudioVersion = 10.0.40219.1
Project("{8BC9CEB8-8B4A-11D0-8D11-00A0C91BC942}") = "C_CODE_01.10", "C_CODE_01.10\C_CODE_01.10.vcxproj", "{D5E32B1E-B9B7-4D03-A5B1-A4C39E4C863F}"
EndProject
Global
	GlobalSection(SolutionConfigurationPlatforms) = preSolution
		Debug|x64 = Debug|x64
		Debug|x86 = Debug|x86
		Release|x64 = Release|x64
		Release|x86 = Release|x86
	EndGlobalSection
	GlobalSection(ProjectConfigurationPlatforms) = postSolution
		{D5E32B1E-B9B7-4D03-A5B1-A4C39E4C863F}.Debug|x64.ActiveCfg = Debug|x64
		{D5E32B1E-B9B7-4D03-A5B1-A4C39E4C863F}.Debug|x64.Build.0 = Debug|x64
		{D5E32B1E-B9B7-4D03-A5B1-A4C39E4C863F}.Debug|x86.ActiveCfg = Debug|Win32
		{D5E32B1E-B9B7-4D03-A5B1-A4C39E4C863F}.Debug|x86.Build.0 = Debug|Win32
		{D5E32B1E-B9B7-4D03-A5B1-A4C39E4C863F}.Release|x64.ActiveCfg = Release|x64
		{D5E32B1E-B9B7-4D03-A5B1-A4C39E4C863F}.Release|x64.Build.0 = Release|x64
		{D5E32B1E-B9B7-4D03-A5B1-A4C39E4C863F}.Release|x86.ActiveCfg = Release|Win32
		{D5E32B1E-B9B7-4D03-A5B1-A4C39E4C863F}.Release|x86.Build.0 = Release|Win32
	EndGlobalSection
	GlobalSection(SolutionProperties) = preSolution
		HideSolutionNode = FALSE
	EndGlobalSection
	GlobalSection(ExtensibilityGlobals) = postSolution
		SolutionGuid = {843E9A67-BB13-4CD9-B135-0B4376173135}
	EndGlobalSection
EndGlobal
